// !$*UTF8*$!
{
	archiveVersion = 1;
	classes = {
	};
	objectVersion = 50;
	objects = {

/* Begin PBXAggregateTarget section */
		F803D38E21EEC303001E2DE6 /* CMake Build */ = {
			isa = PBXAggregateTarget;
			buildConfigurationList = F803D38F21EEC303001E2DE6 /* Build configuration list for PBXAggregateTarget "CMake Build" */;
			buildPhases = (
				F803D39221EEC30A001E2DE6 /* CMake Build */,
			);
			dependencies = (
			);
			name = "CMake Build";
			productName = "CMake Build";
		};
		F803D39321EEC361001E2DE6 /* CMake Test */ = {
			isa = PBXAggregateTarget;
			buildConfigurationList = F803D39421EEC361001E2DE6 /* Build configuration list for PBXAggregateTarget "CMake Test" */;
			buildPhases = (
				F803D39721EEC36A001E2DE6 /* CMake Test */,
			);
			dependencies = (
				F803D39921EEC387001E2DE6 /* PBXTargetDependency */,
			);
			name = "CMake Test";
			productName = "CMake Test";
		};
/* End PBXAggregateTarget section */

/* Begin PBXBuildFile section */
		C9AA9A2421F1743A001AA9E7 /* HCObject.c in Sources */ = {isa = PBXBuildFile; fileRef = C9AA9A2321F1743A001AA9E7 /* HCObject.c */; };
		C9AA9A2B21F26649001AA9E7 /* HCString.c in Sources */ = {isa = PBXBuildFile; fileRef = C9AA9A2A21F26649001AA9E7 /* HCString.c */; };
		C9AA9A2C21F2665E001AA9E7 /* HCString.c in Sources */ = {isa = PBXBuildFile; fileRef = C9AA9A2721F18AE8001AA9E7 /* HCString.c */; };
		C9AA9A3221F437CC001AA9E7 /* HCData.c in Sources */ = {isa = PBXBuildFile; fileRef = C9AA9A3121F437CC001AA9E7 /* HCData.c */; };
		C9AA9A3321F437EA001AA9E7 /* HCData.c in Sources */ = {isa = PBXBuildFile; fileRef = C9AA9A2E21F4379C001AA9E7 /* HCData.c */; };
		C9AA9A3921F6AE98001AA9E7 /* HCList.c in Sources */ = {isa = PBXBuildFile; fileRef = C9AA9A3821F6AE98001AA9E7 /* HCList.c */; };
		C9AA9A3A21F6AF6D001AA9E7 /* HCList.c in Sources */ = {isa = PBXBuildFile; fileRef = C9AA9A3521F69109001AA9E7 /* HCList.c */; };
		C9CD282F21E3DD11005B566A /* HCCore.c in Sources */ = {isa = PBXBuildFile; fileRef = C9DBDC5B21D6D96B0001779C /* HCCore.c */; };
		C9CD283021E3DD13005B566A /* HCObject.c in Sources */ = {isa = PBXBuildFile; fileRef = C9DBDC5721D6D8F20001779C /* HCObject.c */; };
		C9CD283121E3DD16005B566A /* HCNumber.c in Sources */ = {isa = PBXBuildFile; fileRef = C9DBDC5E21D6E03A0001779C /* HCNumber.c */; };
		C9E2F58921ED395D00856F21 /* main.c in Sources */ = {isa = PBXBuildFile; fileRef = C9E2F57821ED37DF00856F21 /* main.c */; };
		C9E2F58B21ED396800856F21 /* libHollowCore.a in Frameworks */ = {isa = PBXBuildFile; fileRef = C9B705E421E3DCC600B63F05 /* libHollowCore.a */; };
		C9E2F58C21ED3A2700856F21 /* HCNumber.c in Sources */ = {isa = PBXBuildFile; fileRef = C9E2F57B21ED387700856F21 /* HCNumber.c */; };
		C9E2F58E21ED3A4E00856F21 /* HCCore.c in Sources */ = {isa = PBXBuildFile; fileRef = C9E2F58D21ED3A4E00856F21 /* HCCore.c */; };
/* End PBXBuildFile section */

/* Begin PBXContainerItemProxy section */
		F803D39821EEC387001E2DE6 /* PBXContainerItemProxy */ = {
			isa = PBXContainerItemProxy;
			containerPortal = C9DBDC4421D6D8B70001779C /* Project object */;
			proxyType = 1;
			remoteGlobalIDString = F803D38E21EEC303001E2DE6;
			remoteInfo = "CMake Build";
		};
/* End PBXContainerItemProxy section */

/* Begin PBXCopyFilesBuildPhase section */
		C9E2F58021ED38FD00856F21 /* CopyFiles */ = {
			isa = PBXCopyFilesBuildPhase;
			buildActionMask = 2147483647;
			dstPath = /usr/share/man/man1/;
			dstSubfolderSpec = 0;
			files = (
			);
			runOnlyForDeploymentPostprocessing = 1;
		};
/* End PBXCopyFilesBuildPhase section */

/* Begin PBXFileReference section */
		C9AA9A2321F1743A001AA9E7 /* HCObject.c */ = {isa = PBXFileReference; lastKnownFileType = sourcecode.c.c; path = HCObject.c; sourceTree = "<group>"; };
		C9AA9A2521F174B8001AA9E7 /* HollowCore.h */ = {isa = PBXFileReference; lastKnownFileType = sourcecode.c.h; path = HollowCore.h; sourceTree = "<group>"; };
		C9AA9A2621F18AE8001AA9E7 /* HCString.h */ = {isa = PBXFileReference; lastKnownFileType = sourcecode.c.h; path = HCString.h; sourceTree = "<group>"; };
		C9AA9A2721F18AE8001AA9E7 /* HCString.c */ = {isa = PBXFileReference; lastKnownFileType = sourcecode.c.c; path = HCString.c; sourceTree = "<group>"; };
		C9AA9A2921F18AFB001AA9E7 /* HCString_Internal.h */ = {isa = PBXFileReference; lastKnownFileType = sourcecode.c.h; path = HCString_Internal.h; sourceTree = "<group>"; };
		C9AA9A2A21F26649001AA9E7 /* HCString.c */ = {isa = PBXFileReference; lastKnownFileType = sourcecode.c.c; path = HCString.c; sourceTree = "<group>"; };
		C9AA9A2D21F4379C001AA9E7 /* HCData.h */ = {isa = PBXFileReference; lastKnownFileType = sourcecode.c.h; path = HCData.h; sourceTree = "<group>"; };
		C9AA9A2E21F4379C001AA9E7 /* HCData.c */ = {isa = PBXFileReference; lastKnownFileType = sourcecode.c.c; path = HCData.c; sourceTree = "<group>"; };
		C9AA9A3021F437B0001AA9E7 /* HCData_Internal.h */ = {isa = PBXFileReference; lastKnownFileType = sourcecode.c.h; path = HCData_Internal.h; sourceTree = "<group>"; };
		C9AA9A3121F437CC001AA9E7 /* HCData.c */ = {isa = PBXFileReference; lastKnownFileType = sourcecode.c.c; path = HCData.c; sourceTree = "<group>"; };
		C9AA9A3421F69109001AA9E7 /* HCList.h */ = {isa = PBXFileReference; lastKnownFileType = sourcecode.c.h; path = HCList.h; sourceTree = "<group>"; };
		C9AA9A3521F69109001AA9E7 /* HCList.c */ = {isa = PBXFileReference; lastKnownFileType = sourcecode.c.c; path = HCList.c; sourceTree = "<group>"; };
		C9AA9A3721F69116001AA9E7 /* HCList_Internal.h */ = {isa = PBXFileReference; lastKnownFileType = sourcecode.c.h; path = HCList_Internal.h; sourceTree = "<group>"; };
		C9AA9A3821F6AE98001AA9E7 /* HCList.c */ = {isa = PBXFileReference; lastKnownFileType = sourcecode.c.c; path = HCList.c; sourceTree = "<group>"; };
		C9B705DF21E3D6D300B63F05 /* CMakeLists.txt */ = {isa = PBXFileReference; lastKnownFileType = text; path = CMakeLists.txt; sourceTree = "<group>"; };
		C9B705E421E3DCC600B63F05 /* libHollowCore.a */ = {isa = PBXFileReference; explicitFileType = archive.ar; includeInIndex = 0; path = libHollowCore.a; sourceTree = BUILT_PRODUCTS_DIR; };
		C9DBDC5621D6D8F20001779C /* HCObject.h */ = {isa = PBXFileReference; lastKnownFileType = sourcecode.c.h; path = HCObject.h; sourceTree = "<group>"; };
		C9DBDC5721D6D8F20001779C /* HCObject.c */ = {isa = PBXFileReference; lastKnownFileType = sourcecode.c.c; path = HCObject.c; sourceTree = "<group>"; };
		C9DBDC5921D6D93B0001779C /* HCObject_Internal.h */ = {isa = PBXFileReference; lastKnownFileType = sourcecode.c.h; path = HCObject_Internal.h; sourceTree = "<group>"; };
		C9DBDC5A21D6D96B0001779C /* HCCore.h */ = {isa = PBXFileReference; lastKnownFileType = sourcecode.c.h; path = HCCore.h; sourceTree = "<group>"; };
		C9DBDC5B21D6D96B0001779C /* HCCore.c */ = {isa = PBXFileReference; lastKnownFileType = sourcecode.c.c; path = HCCore.c; sourceTree = "<group>"; };
		C9DBDC5D21D6E03A0001779C /* HCNumber.h */ = {isa = PBXFileReference; lastKnownFileType = sourcecode.c.h; path = HCNumber.h; sourceTree = "<group>"; };
		C9DBDC5E21D6E03A0001779C /* HCNumber.c */ = {isa = PBXFileReference; lastKnownFileType = sourcecode.c.c; path = HCNumber.c; sourceTree = "<group>"; };
		C9DBDC6021D6E04A0001779C /* HCNumber_Internal.h */ = {isa = PBXFileReference; lastKnownFileType = sourcecode.c.h; path = HCNumber_Internal.h; sourceTree = "<group>"; };
		C9E2F57821ED37DF00856F21 /* main.c */ = {isa = PBXFileReference; lastKnownFileType = sourcecode.c.c; path = main.c; sourceTree = "<group>"; };
		C9E2F57921ED37DF00856F21 /* ctest.h */ = {isa = PBXFileReference; lastKnownFileType = sourcecode.c.h; path = ctest.h; sourceTree = "<group>"; };
		C9E2F57B21ED387700856F21 /* HCNumber.c */ = {isa = PBXFileReference; lastKnownFileType = sourcecode.c.c; path = HCNumber.c; sourceTree = "<group>"; };
		C9E2F58221ED38FD00856F21 /* Test */ = {isa = PBXFileReference; explicitFileType = "compiled.mach-o.executable"; includeInIndex = 0; path = Test; sourceTree = BUILT_PRODUCTS_DIR; };
		C9E2F58D21ED3A4E00856F21 /* HCCore.c */ = {isa = PBXFileReference; fileEncoding = 4; lastKnownFileType = sourcecode.c.c; path = HCCore.c; sourceTree = "<group>"; };
		F803D38321EE60FD001E2DE6 /* build.sh */ = {isa = PBXFileReference; lastKnownFileType = text.script.sh; path = build.sh; sourceTree = "<group>"; };
		F803D38421EE60FD001E2DE6 /* test.sh */ = {isa = PBXFileReference; lastKnownFileType = text.script.sh; path = test.sh; sourceTree = "<group>"; };
		F803D38521EEBD27001E2DE6 /* cmake_common_source */ = {isa = PBXFileReference; lastKnownFileType = text; path = cmake_common_source; sourceTree = "<group>"; };
		F8CBB8E421E5B97800DB022F /* .travis.yml */ = {isa = PBXFileReference; lastKnownFileType = text; path = .travis.yml; sourceTree = "<group>"; };
		F8CBB8E521E5BCE300DB022F /* LICENSE */ = {isa = PBXFileReference; fileEncoding = 4; lastKnownFileType = text; path = LICENSE; sourceTree = "<group>"; };
		F8CBB8E621E5BCE300DB022F /* README.md */ = {isa = PBXFileReference; fileEncoding = 4; lastKnownFileType = net.daringfireball.markdown; path = README.md; sourceTree = "<group>"; };
/* End PBXFileReference section */

/* Begin PBXFrameworksBuildPhase section */
		C9B705E221E3DCC600B63F05 /* Frameworks */ = {
			isa = PBXFrameworksBuildPhase;
			buildActionMask = 2147483647;
			files = (
			);
			runOnlyForDeploymentPostprocessing = 0;
		};
		C9E2F57F21ED38FD00856F21 /* Frameworks */ = {
			isa = PBXFrameworksBuildPhase;
			buildActionMask = 2147483647;
			files = (
				C9E2F58B21ED396800856F21 /* libHollowCore.a in Frameworks */,
			);
			runOnlyForDeploymentPostprocessing = 0;
		};
/* End PBXFrameworksBuildPhase section */

/* Begin PBXGroup section */
		C9DBDC4321D6D8B70001779C = {
			isa = PBXGroup;
			children = (
				F8CBB8E621E5BCE300DB022F /* README.md */,
				F8CBB8E521E5BCE300DB022F /* LICENSE */,
				F8CBB8E421E5B97800DB022F /* .travis.yml */,
				C9B705DF21E3D6D300B63F05 /* CMakeLists.txt */,
				F8CBB8E721E5BD0B00DB022F /* Source */,
				C9E2F57721ED37DF00856F21 /* Test */,
				F803D38221EE60FD001E2DE6 /* Tools */,
				C9DBDC4D21D6D8B70001779C /* Products */,
				C9E2F58A21ED396800856F21 /* Frameworks */,
			);
			sourceTree = "<group>";
		};
		C9DBDC4D21D6D8B70001779C /* Products */ = {
			isa = PBXGroup;
			children = (
				C9B705E421E3DCC600B63F05 /* libHollowCore.a */,
				C9E2F58221ED38FD00856F21 /* Test */,
			);
			name = Products;
			sourceTree = "<group>";
		};
		C9E2F57721ED37DF00856F21 /* Test */ = {
			isa = PBXGroup;
			children = (
				C9E2F57821ED37DF00856F21 /* main.c */,
				C9E2F57921ED37DF00856F21 /* ctest.h */,
				C9E2F58D21ED3A4E00856F21 /* HCCore.c */,
				C9AA9A2321F1743A001AA9E7 /* HCObject.c */,
				C9E2F57B21ED387700856F21 /* HCNumber.c */,
				C9AA9A2A21F26649001AA9E7 /* HCString.c */,
				C9AA9A3121F437CC001AA9E7 /* HCData.c */,
				C9AA9A3821F6AE98001AA9E7 /* HCList.c */,
			);
			path = Test;
			sourceTree = "<group>";
		};
		C9E2F58A21ED396800856F21 /* Frameworks */ = {
			isa = PBXGroup;
			children = (
			);
			name = Frameworks;
			sourceTree = "<group>";
		};
		F803D38221EE60FD001E2DE6 /* Tools */ = {
			isa = PBXGroup;
			children = (
				F803D38521EEBD27001E2DE6 /* cmake_common_source */,
				F803D38321EE60FD001E2DE6 /* build.sh */,
				F803D38421EE60FD001E2DE6 /* test.sh */,
			);
			path = Tools;
			sourceTree = "<group>";
		};
		F8CBB8E721E5BD0B00DB022F /* Source */ = {
			isa = PBXGroup;
			children = (
				C9AA9A2521F174B8001AA9E7 /* HollowCore.h */,
				C9DBDC5A21D6D96B0001779C /* HCCore.h */,
				C9DBDC5B21D6D96B0001779C /* HCCore.c */,
				C9DBDC5621D6D8F20001779C /* HCObject.h */,
				C9DBDC5921D6D93B0001779C /* HCObject_Internal.h */,
				C9DBDC5721D6D8F20001779C /* HCObject.c */,
				C9DBDC5D21D6E03A0001779C /* HCNumber.h */,
				C9DBDC6021D6E04A0001779C /* HCNumber_Internal.h */,
				C9DBDC5E21D6E03A0001779C /* HCNumber.c */,
				C9AA9A2621F18AE8001AA9E7 /* HCString.h */,
				C9AA9A2921F18AFB001AA9E7 /* HCString_Internal.h */,
				C9AA9A2721F18AE8001AA9E7 /* HCString.c */,
				C9AA9A2D21F4379C001AA9E7 /* HCData.h */,
				C9AA9A3021F437B0001AA9E7 /* HCData_Internal.h */,
				C9AA9A2E21F4379C001AA9E7 /* HCData.c */,
				C9AA9A3421F69109001AA9E7 /* HCList.h */,
				C9AA9A3721F69116001AA9E7 /* HCList_Internal.h */,
				C9AA9A3521F69109001AA9E7 /* HCList.c */,
			);
			path = Source;
			sourceTree = "<group>";
		};
/* End PBXGroup section */

/* Begin PBXHeadersBuildPhase section */
		C9B705E021E3DCC600B63F05 /* Headers */ = {
			isa = PBXHeadersBuildPhase;
			buildActionMask = 2147483647;
			files = (
			);
			runOnlyForDeploymentPostprocessing = 0;
		};
/* End PBXHeadersBuildPhase section */

/* Begin PBXNativeTarget section */
		C9B705E321E3DCC600B63F05 /* HollowCore */ = {
			isa = PBXNativeTarget;
			buildConfigurationList = C9B705E521E3DCC600B63F05 /* Build configuration list for PBXNativeTarget "HollowCore" */;
			buildPhases = (
				C9B705E021E3DCC600B63F05 /* Headers */,
				C9B705E121E3DCC600B63F05 /* Sources */,
				C9B705E221E3DCC600B63F05 /* Frameworks */,
			);
			buildRules = (
			);
			dependencies = (
			);
			name = HollowCore;
			productName = HollowCore;
			productReference = C9B705E421E3DCC600B63F05 /* libHollowCore.a */;
			productType = "com.apple.product-type.library.static";
		};
		C9E2F58121ED38FD00856F21 /* Test */ = {
			isa = PBXNativeTarget;
			buildConfigurationList = C9E2F58621ED38FD00856F21 /* Build configuration list for PBXNativeTarget "Test" */;
			buildPhases = (
				C9E2F57E21ED38FD00856F21 /* Sources */,
				C9E2F57F21ED38FD00856F21 /* Frameworks */,
				C9E2F58021ED38FD00856F21 /* CopyFiles */,
			);
			buildRules = (
			);
			dependencies = (
			);
			name = Test;
			productName = Test;
			productReference = C9E2F58221ED38FD00856F21 /* Test */;
			productType = "com.apple.product-type.tool";
		};
/* End PBXNativeTarget section */

/* Begin PBXProject section */
		C9DBDC4421D6D8B70001779C /* Project object */ = {
			isa = PBXProject;
			attributes = {
				LastUpgradeCheck = 1010;
				ORGANIZATIONNAME = HollowCore;
				TargetAttributes = {
					C9B705E321E3DCC600B63F05 = {
						CreatedOnToolsVersion = 10.1;
					};
					C9E2F58121ED38FD00856F21 = {
						CreatedOnToolsVersion = 10.1;
					};
					F803D38E21EEC303001E2DE6 = {
						CreatedOnToolsVersion = 10.1;
					};
					F803D39321EEC361001E2DE6 = {
						CreatedOnToolsVersion = 10.1;
					};
				};
			};
			buildConfigurationList = C9DBDC4721D6D8B70001779C /* Build configuration list for PBXProject "HollowCore" */;
			compatibilityVersion = "Xcode 9.3";
			developmentRegion = en;
			hasScannedForEncodings = 0;
			knownRegions = (
				en,
			);
			mainGroup = C9DBDC4321D6D8B70001779C;
			productRefGroup = C9DBDC4D21D6D8B70001779C /* Products */;
			projectDirPath = "";
			projectRoot = "";
			targets = (
				C9B705E321E3DCC600B63F05 /* HollowCore */,
				C9E2F58121ED38FD00856F21 /* Test */,
				F803D38E21EEC303001E2DE6 /* CMake Build */,
				F803D39321EEC361001E2DE6 /* CMake Test */,
			);
		};
/* End PBXProject section */

/* Begin PBXShellScriptBuildPhase section */
		F803D39221EEC30A001E2DE6 /* CMake Build */ = {
			isa = PBXShellScriptBuildPhase;
			buildActionMask = 2147483647;
			files = (
			);
			inputFileListPaths = (
			);
			inputPaths = (
			);
			name = "CMake Build";
			outputFileListPaths = (
			);
			outputPaths = (
			);
			runOnlyForDeploymentPostprocessing = 0;
			shellPath = /bin/sh;
			shellScript = "${PROJECT_DIR}/Tools/build.sh\n";
		};
		F803D39721EEC36A001E2DE6 /* CMake Test */ = {
			isa = PBXShellScriptBuildPhase;
			buildActionMask = 2147483647;
			files = (
			);
			inputFileListPaths = (
			);
			inputPaths = (
			);
			name = "CMake Test";
			outputFileListPaths = (
			);
			outputPaths = (
			);
			runOnlyForDeploymentPostprocessing = 0;
			shellPath = /bin/sh;
			shellScript = "${PROJECT_DIR}/Tools/test.sh\n";
		};
/* End PBXShellScriptBuildPhase section */

/* Begin PBXSourcesBuildPhase section */
		C9B705E121E3DCC600B63F05 /* Sources */ = {
			isa = PBXSourcesBuildPhase;
			buildActionMask = 2147483647;
			files = (
				C9CD282F21E3DD11005B566A /* HCCore.c in Sources */,
				C9CD283021E3DD13005B566A /* HCObject.c in Sources */,
				C9CD283121E3DD16005B566A /* HCNumber.c in Sources */,
				C9AA9A2C21F2665E001AA9E7 /* HCString.c in Sources */,
				C9AA9A3321F437EA001AA9E7 /* HCData.c in Sources */,
				C9AA9A3A21F6AF6D001AA9E7 /* HCList.c in Sources */,
			);
			runOnlyForDeploymentPostprocessing = 0;
		};
		C9E2F57E21ED38FD00856F21 /* Sources */ = {
			isa = PBXSourcesBuildPhase;
			buildActionMask = 2147483647;
			files = (
				C9E2F58921ED395D00856F21 /* main.c in Sources */,
				C9E2F58E21ED3A4E00856F21 /* HCCore.c in Sources */,
				C9AA9A2421F1743A001AA9E7 /* HCObject.c in Sources */,
				C9E2F58C21ED3A2700856F21 /* HCNumber.c in Sources */,
				C9AA9A3221F437CC001AA9E7 /* HCData.c in Sources */,
				C9AA9A2B21F26649001AA9E7 /* HCString.c in Sources */,
				C9AA9A3921F6AE98001AA9E7 /* HCList.c in Sources */,
			);
			runOnlyForDeploymentPostprocessing = 0;
		};
/* End PBXSourcesBuildPhase section */

/* Begin PBXTargetDependency section */
		F803D39921EEC387001E2DE6 /* PBXTargetDependency */ = {
			isa = PBXTargetDependency;
			target = F803D38E21EEC303001E2DE6 /* CMake Build */;
			targetProxy = F803D39821EEC387001E2DE6 /* PBXContainerItemProxy */;
		};
/* End PBXTargetDependency section */

/* Begin XCBuildConfiguration section */
		C9B705E621E3DCC600B63F05 /* Debug */ = {
			isa = XCBuildConfiguration;
			buildSettings = {
				CODE_SIGN_STYLE = Automatic;
				EXECUTABLE_PREFIX = lib;
				PRODUCT_NAME = "$(TARGET_NAME)";
				SKIP_INSTALL = YES;
			};
			name = Debug;
		};
		C9B705E721E3DCC600B63F05 /* Release */ = {
			isa = XCBuildConfiguration;
			buildSettings = {
				CODE_SIGN_STYLE = Automatic;
				EXECUTABLE_PREFIX = lib;
				PRODUCT_NAME = "$(TARGET_NAME)";
				SKIP_INSTALL = YES;
			};
			name = Release;
		};
		C9DBDC5121D6D8B70001779C /* Debug */ = {
			isa = XCBuildConfiguration;
			buildSettings = {
				ALWAYS_SEARCH_USER_PATHS = NO;
				CLANG_ANALYZER_NONNULL = YES;
				CLANG_ANALYZER_NUMBER_OBJECT_CONVERSION = YES_AGGRESSIVE;
				CLANG_CXX_LANGUAGE_STANDARD = "gnu++14";
				CLANG_CXX_LIBRARY = "libc++";
				CLANG_ENABLE_MODULES = YES;
				CLANG_ENABLE_OBJC_ARC = YES;
				CLANG_ENABLE_OBJC_WEAK = YES;
				CLANG_WARN_BLOCK_CAPTURE_AUTORELEASING = YES;
				CLANG_WARN_BOOL_CONVERSION = YES;
				CLANG_WARN_COMMA = YES;
				CLANG_WARN_CONSTANT_CONVERSION = YES;
				CLANG_WARN_DEPRECATED_OBJC_IMPLEMENTATIONS = YES;
				CLANG_WARN_DIRECT_OBJC_ISA_USAGE = YES_ERROR;
				CLANG_WARN_DOCUMENTATION_COMMENTS = YES;
				CLANG_WARN_EMPTY_BODY = YES;
				CLANG_WARN_ENUM_CONVERSION = YES;
				CLANG_WARN_INFINITE_RECURSION = YES;
				CLANG_WARN_INT_CONVERSION = YES;
				CLANG_WARN_NON_LITERAL_NULL_CONVERSION = YES;
				CLANG_WARN_OBJC_IMPLICIT_RETAIN_SELF = YES;
				CLANG_WARN_OBJC_LITERAL_CONVERSION = YES;
				CLANG_WARN_OBJC_ROOT_CLASS = YES_ERROR;
				CLANG_WARN_RANGE_LOOP_ANALYSIS = YES;
				CLANG_WARN_STRICT_PROTOTYPES = YES;
				CLANG_WARN_SUSPICIOUS_MOVE = YES;
				CLANG_WARN_UNGUARDED_AVAILABILITY = YES_AGGRESSIVE;
				CLANG_WARN_UNREACHABLE_CODE = YES;
				CLANG_WARN__DUPLICATE_METHOD_MATCH = YES;
				CODE_SIGN_IDENTITY = "-";
				COPY_PHASE_STRIP = NO;
				DEBUG_INFORMATION_FORMAT = dwarf;
				ENABLE_STRICT_OBJC_MSGSEND = YES;
				ENABLE_TESTABILITY = YES;
				GCC_C_LANGUAGE_STANDARD = gnu11;
				GCC_DYNAMIC_NO_PIC = NO;
				GCC_NO_COMMON_BLOCKS = YES;
				GCC_OPTIMIZATION_LEVEL = 0;
				GCC_PREPROCESSOR_DEFINITIONS = (
					"DEBUG=1",
					"$(inherited)",
				);
				GCC_WARN_64_TO_32_BIT_CONVERSION = YES;
				GCC_WARN_ABOUT_RETURN_TYPE = YES_ERROR;
				GCC_WARN_UNDECLARED_SELECTOR = YES;
				GCC_WARN_UNINITIALIZED_AUTOS = YES_AGGRESSIVE;
				GCC_WARN_UNUSED_FUNCTION = YES;
				GCC_WARN_UNUSED_VARIABLE = YES;
				MACOSX_DEPLOYMENT_TARGET = 10.14;
				MTL_ENABLE_DEBUG_INFO = INCLUDE_SOURCE;
				MTL_FAST_MATH = YES;
				ONLY_ACTIVE_ARCH = YES;
				SDKROOT = macosx;
			};
			name = Debug;
		};
		C9DBDC5221D6D8B70001779C /* Release */ = {
			isa = XCBuildConfiguration;
			buildSettings = {
				ALWAYS_SEARCH_USER_PATHS = NO;
				CLANG_ANALYZER_NONNULL = YES;
				CLANG_ANALYZER_NUMBER_OBJECT_CONVERSION = YES_AGGRESSIVE;
				CLANG_CXX_LANGUAGE_STANDARD = "gnu++14";
				CLANG_CXX_LIBRARY = "libc++";
				CLANG_ENABLE_MODULES = YES;
				CLANG_ENABLE_OBJC_ARC = YES;
				CLANG_ENABLE_OBJC_WEAK = YES;
				CLANG_WARN_BLOCK_CAPTURE_AUTORELEASING = YES;
				CLANG_WARN_BOOL_CONVERSION = YES;
				CLANG_WARN_COMMA = YES;
				CLANG_WARN_CONSTANT_CONVERSION = YES;
				CLANG_WARN_DEPRECATED_OBJC_IMPLEMENTATIONS = YES;
				CLANG_WARN_DIRECT_OBJC_ISA_USAGE = YES_ERROR;
				CLANG_WARN_DOCUMENTATION_COMMENTS = YES;
				CLANG_WARN_EMPTY_BODY = YES;
				CLANG_WARN_ENUM_CONVERSION = YES;
				CLANG_WARN_INFINITE_RECURSION = YES;
				CLANG_WARN_INT_CONVERSION = YES;
				CLANG_WARN_NON_LITERAL_NULL_CONVERSION = YES;
				CLANG_WARN_OBJC_IMPLICIT_RETAIN_SELF = YES;
				CLANG_WARN_OBJC_LITERAL_CONVERSION = YES;
				CLANG_WARN_OBJC_ROOT_CLASS = YES_ERROR;
				CLANG_WARN_RANGE_LOOP_ANALYSIS = YES;
				CLANG_WARN_STRICT_PROTOTYPES = YES;
				CLANG_WARN_SUSPICIOUS_MOVE = YES;
				CLANG_WARN_UNGUARDED_AVAILABILITY = YES_AGGRESSIVE;
				CLANG_WARN_UNREACHABLE_CODE = YES;
				CLANG_WARN__DUPLICATE_METHOD_MATCH = YES;
				CODE_SIGN_IDENTITY = "-";
				COPY_PHASE_STRIP = NO;
				DEBUG_INFORMATION_FORMAT = "dwarf-with-dsym";
				ENABLE_NS_ASSERTIONS = NO;
				ENABLE_STRICT_OBJC_MSGSEND = YES;
				GCC_C_LANGUAGE_STANDARD = gnu11;
				GCC_NO_COMMON_BLOCKS = YES;
				GCC_WARN_64_TO_32_BIT_CONVERSION = YES;
				GCC_WARN_ABOUT_RETURN_TYPE = YES_ERROR;
				GCC_WARN_UNDECLARED_SELECTOR = YES;
				GCC_WARN_UNINITIALIZED_AUTOS = YES_AGGRESSIVE;
				GCC_WARN_UNUSED_FUNCTION = YES;
				GCC_WARN_UNUSED_VARIABLE = YES;
				MACOSX_DEPLOYMENT_TARGET = 10.14;
				MTL_ENABLE_DEBUG_INFO = NO;
				MTL_FAST_MATH = YES;
				SDKROOT = macosx;
			};
			name = Release;
		};
		C9E2F58721ED38FD00856F21 /* Debug */ = {
			isa = XCBuildConfiguration;
			buildSettings = {
				CODE_SIGN_STYLE = Automatic;
				PRODUCT_NAME = "$(TARGET_NAME)";
			};
			name = Debug;
		};
		C9E2F58821ED38FD00856F21 /* Release */ = {
			isa = XCBuildConfiguration;
			buildSettings = {
				CODE_SIGN_STYLE = Automatic;
				PRODUCT_NAME = "$(TARGET_NAME)";
			};
			name = Release;
		};
		F803D39021EEC303001E2DE6 /* Debug */ = {
			isa = XCBuildConfiguration;
			buildSettings = {
				CODE_SIGN_STYLE = Automatic;
				PRODUCT_NAME = "$(TARGET_NAME)";
			};
			name = Debug;
		};
		F803D39121EEC303001E2DE6 /* Release */ = {
			isa = XCBuildConfiguration;
			buildSettings = {
				CODE_SIGN_STYLE = Automatic;
				PRODUCT_NAME = "$(TARGET_NAME)";
			};
			name = Release;
		};
		F803D39521EEC361001E2DE6 /* Debug */ = {
			isa = XCBuildConfiguration;
			buildSettings = {
				CODE_SIGN_STYLE = Automatic;
				PRODUCT_NAME = "$(TARGET_NAME)";
			};
			name = Debug;
		};
		F803D39621EEC361001E2DE6 /* Release */ = {
			isa = XCBuildConfiguration;
			buildSettings = {
				CODE_SIGN_STYLE = Automatic;
				PRODUCT_NAME = "$(TARGET_NAME)";
			};
			name = Release;
		};
/* End XCBuildConfiguration section */

/* Begin XCConfigurationList section */
		C9B705E521E3DCC600B63F05 /* Build configuration list for PBXNativeTarget "HollowCore" */ = {
			isa = XCConfigurationList;
			buildConfigurations = (
				C9B705E621E3DCC600B63F05 /* Debug */,
				C9B705E721E3DCC600B63F05 /* Release */,
			);
			defaultConfigurationIsVisible = 0;
			defaultConfigurationName = Release;
		};
		C9DBDC4721D6D8B70001779C /* Build configuration list for PBXProject "HollowCore" */ = {
			isa = XCConfigurationList;
			buildConfigurations = (
				C9DBDC5121D6D8B70001779C /* Debug */,
				C9DBDC5221D6D8B70001779C /* Release */,
			);
			defaultConfigurationIsVisible = 0;
			defaultConfigurationName = Release;
		};
		C9E2F58621ED38FD00856F21 /* Build configuration list for PBXNativeTarget "Test" */ = {
			isa = XCConfigurationList;
			buildConfigurations = (
				C9E2F58721ED38FD00856F21 /* Debug */,
				C9E2F58821ED38FD00856F21 /* Release */,
			);
			defaultConfigurationIsVisible = 0;
			defaultConfigurationName = Release;
		};
		F803D38F21EEC303001E2DE6 /* Build configuration list for PBXAggregateTarget "CMake Build" */ = {
			isa = XCConfigurationList;
			buildConfigurations = (
				F803D39021EEC303001E2DE6 /* Debug */,
				F803D39121EEC303001E2DE6 /* Release */,
			);
			defaultConfigurationIsVisible = 0;
			defaultConfigurationName = Release;
		};
		F803D39421EEC361001E2DE6 /* Build configuration list for PBXAggregateTarget "CMake Test" */ = {
			isa = XCConfigurationList;
			buildConfigurations = (
				F803D39521EEC361001E2DE6 /* Debug */,
				F803D39621EEC361001E2DE6 /* Release */,
			);
			defaultConfigurationIsVisible = 0;
			defaultConfigurationName = Release;
		};
/* End XCConfigurationList section */
	};
	rootObject = C9DBDC4421D6D8B70001779C /* Project object */;
}
